// !$*UTF8*$!
{
	archiveVersion = 1;
	classes = {
	};
	objectVersion = 46;
	objects = {

/* Begin PBXBuildFile section */
		BC612A581CBCE9DF0034866B /* AppDelegate.swift in Sources */ = {isa = PBXBuildFile; fileRef = BC612A571CBCE9DF0034866B /* AppDelegate.swift */; };
		BC612A5A1CBCE9DF0034866B /* MasterViewController.swift in Sources */ = {isa = PBXBuildFile; fileRef = BC612A591CBCE9DF0034866B /* MasterViewController.swift */; };
		BC612A5C1CBCE9DF0034866B /* DetailViewController.swift in Sources */ = {isa = PBXBuildFile; fileRef = BC612A5B1CBCE9DF0034866B /* DetailViewController.swift */; };
		BC612A5F1CBCE9DF0034866B /* Main.storyboard in Resources */ = {isa = PBXBuildFile; fileRef = BC612A5D1CBCE9DF0034866B /* Main.storyboard */; };
		BC612A611CBCE9DF0034866B /* Assets.xcassets in Resources */ = {isa = PBXBuildFile; fileRef = BC612A601CBCE9DF0034866B /* Assets.xcassets */; };
		BC612A641CBCE9DF0034866B /* LaunchScreen.storyboard in Resources */ = {isa = PBXBuildFile; fileRef = BC612A621CBCE9DF0034866B /* LaunchScreen.storyboard */; };
		BC612A6F1CBCE9E00034866B /* lab7Tests.swift in Sources */ = {isa = PBXBuildFile; fileRef = BC612A6E1CBCE9E00034866B /* lab7Tests.swift */; };
		BC612A7A1CBCE9E00034866B /* lab7UITests.swift in Sources */ = {isa = PBXBuildFile; fileRef = BC612A791CBCE9E00034866B /* lab7UITests.swift */; };
/* End PBXBuildFile section */

/* Begin PBXContainerItemProxy section */
		BC612A6B1CBCE9E00034866B /* PBXContainerItemProxy */ = {
			isa = PBXContainerItemProxy;
			containerPortal = BC612A4C1CBCE9DF0034866B /* Project object */;
			proxyType = 1;
			remoteGlobalIDString = BC612A531CBCE9DF0034866B;
			remoteInfo = lab7;
		};
		BC612A761CBCE9E00034866B /* PBXContainerItemProxy */ = {
			isa = PBXContainerItemProxy;
			containerPortal = BC612A4C1CBCE9DF0034866B /* Project object */;
			proxyType = 1;
			remoteGlobalIDString = BC612A531CBCE9DF0034866B;
			remoteInfo = lab7;
		};
/* End PBXContainerItemProxy section */

/* Begin PBXFileReference section */
		BC612A541CBCE9DF0034866B /* lab7.app */ = {isa = PBXFileReference; explicitFileType = wrapper.application; includeInIndex = 0; path = lab7.app; sourceTree = BUILT_PRODUCTS_DIR; };
		BC612A571CBCE9DF0034866B /* AppDelegate.swift */ = {isa = PBXFileReference; lastKnownFileType = sourcecode.swift; path = AppDelegate.swift; sourceTree = "<group>"; };
		BC612A591CBCE9DF0034866B /* MasterViewController.swift */ = {isa = PBXFileReference; lastKnownFileType = sourcecode.swift; path = MasterViewController.swift; sourceTree = "<group>"; };
		BC612A5B1CBCE9DF0034866B /* DetailViewController.swift */ = {isa = PBXFileReference; lastKnownFileType = sourcecode.swift; path = DetailViewController.swift; sourceTree = "<group>"; };
		BC612A5E1CBCE9DF0034866B /* Base */ = {isa = PBXFileReference; lastKnownFileType = file.storyboard; name = Base; path = Base.lproj/Main.storyboard; sourceTree = "<group>"; };
		BC612A601CBCE9DF0034866B /* Assets.xcassets */ = {isa = PBXFileReference; lastKnownFileType = folder.assetcatalog; path = Assets.xcassets; sourceTree = "<group>"; };
		BC612A631CBCE9DF0034866B /* Base */ = {isa = PBXFileReference; lastKnownFileType = file.storyboard; name = Base; path = Base.lproj/LaunchScreen.storyboard; sourceTree = "<group>"; };
		BC612A651CBCE9E00034866B /* Info.plist */ = {isa = PBXFileReference; lastKnownFileType = text.plist.xml; path = Info.plist; sourceTree = "<group>"; };
		BC612A6A1CBCE9E00034866B /* lab7Tests.xctest */ = {isa = PBXFileReference; explicitFileType = wrapper.cfbundle; includeInIndex = 0; path = lab7Tests.xctest; sourceTree = BUILT_PRODUCTS_DIR; };
		BC612A6E1CBCE9E00034866B /* lab7Tests.swift */ = {isa = PBXFileReference; lastKnownFileType = sourcecode.swift; path = lab7Tests.swift; sourceTree = "<group>"; };
		BC612A701CBCE9E00034866B /* Info.plist */ = {isa = PBXFileReference; lastKnownFileType = text.plist.xml; path = Info.plist; sourceTree = "<group>"; };
		BC612A751CBCE9E00034866B /* lab7UITests.xctest */ = {isa = PBXFileReference; explicitFileType = wrapper.cfbundle; includeInIndex = 0; path = lab7UITests.xctest; sourceTree = BUILT_PRODUCTS_DIR; };
		BC612A791CBCE9E00034866B /* lab7UITests.swift */ = {isa = PBXFileReference; lastKnownFileType = sourcecode.swift; path = lab7UITests.swift; sourceTree = "<group>"; };
		BC612A7B1CBCE9E00034866B /* Info.plist */ = {isa = PBXFileReference; lastKnownFileType = text.plist.xml; path = Info.plist; sourceTree = "<group>"; };
/* End PBXFileReference section */

/* Begin PBXFrameworksBuildPhase section */
		BC612A511CBCE9DF0034866B /* Frameworks */ = {
			isa = PBXFrameworksBuildPhase;
			buildActionMask = 2147483647;
			files = (
			);
			runOnlyForDeploymentPostprocessing = 0;
		};
		BC612A671CBCE9E00034866B /* Frameworks */ = {
			isa = PBXFrameworksBuildPhase;
			buildActionMask = 2147483647;
			files = (
			);
			runOnlyForDeploymentPostprocessing = 0;
		};
		BC612A721CBCE9E00034866B /* Frameworks */ = {
			isa = PBXFrameworksBuildPhase;
			buildActionMask = 2147483647;
			files = (
			);
			runOnlyForDeploymentPostprocessing = 0;
		};
/* End PBXFrameworksBuildPhase section */

/* Begin PBXGroup section */
		BC612A4B1CBCE9DF0034866B = {
			isa = PBXGroup;
			children = (
				BC612A561CBCE9DF0034866B /* lab7 */,
				BC612A6D1CBCE9E00034866B /* lab7Tests */,
				BC612A781CBCE9E00034866B /* lab7UITests */,
				BC612A551CBCE9DF0034866B /* Products */,
			);
			sourceTree = "<group>";
		};
		BC612A551CBCE9DF0034866B /* Products */ = {
			isa = PBXGroup;
			children = (
				BC612A541CBCE9DF0034866B /* lab7.app */,
				BC612A6A1CBCE9E00034866B /* lab7Tests.xctest */,
				BC612A751CBCE9E00034866B /* lab7UITests.xctest */,
			);
			name = Products;
			sourceTree = "<group>";
		};
		BC612A561CBCE9DF0034866B /* lab7 */ = {
			isa = PBXGroup;
			children = (
				BC612A571CBCE9DF0034866B /* AppDelegate.swift */,
				BC612A591CBCE9DF0034866B /* MasterViewController.swift */,
				BC612A5B1CBCE9DF0034866B /* DetailViewController.swift */,
				BC612A5D1CBCE9DF0034866B /* Main.storyboard */,
				BC612A601CBCE9DF0034866B /* Assets.xcassets */,
				BC612A621CBCE9DF0034866B /* LaunchScreen.storyboard */,
				BC612A651CBCE9E00034866B /* Info.plist */,
			);
			path = lab7;
			sourceTree = "<group>";
		};
		BC612A6D1CBCE9E00034866B /* lab7Tests */ = {
			isa = PBXGroup;
			children = (
				BC612A6E1CBCE9E00034866B /* lab7Tests.swift */,
				BC612A701CBCE9E00034866B /* Info.plist */,
			);
			path = lab7Tests;
			sourceTree = "<group>";
		};
		BC612A781CBCE9E00034866B /* lab7UITests */ = {
			isa = PBXGroup;
			children = (
				BC612A791CBCE9E00034866B /* lab7UITests.swift */,
				BC612A7B1CBCE9E00034866B /* Info.plist */,
			);
			path = lab7UITests;
			sourceTree = "<group>";
		};
/* End PBXGroup section */

/* Begin PBXNativeTarget section */
		BC612A531CBCE9DF0034866B /* lab7 */ = {
			isa = PBXNativeTarget;
			buildConfigurationList = BC612A7E1CBCE9E00034866B /* Build configuration list for PBXNativeTarget "lab7" */;
			buildPhases = (
				BC612A501CBCE9DF0034866B /* Sources */,
				BC612A511CBCE9DF0034866B /* Frameworks */,
				BC612A521CBCE9DF0034866B /* Resources */,
			);
			buildRules = (
			);
			dependencies = (
			);
			name = lab7;
			productName = lab7;
			productReference = BC612A541CBCE9DF0034866B /* lab7.app */;
			productType = "com.apple.product-type.application";
		};
		BC612A691CBCE9E00034866B /* lab7Tests */ = {
			isa = PBXNativeTarget;
			buildConfigurationList = BC612A811CBCE9E00034866B /* Build configuration list for PBXNativeTarget "lab7Tests" */;
			buildPhases = (
				BC612A661CBCE9E00034866B /* Sources */,
				BC612A671CBCE9E00034866B /* Frameworks */,
				BC612A681CBCE9E00034866B /* Resources */,
			);
			buildRules = (
			);
			dependencies = (
				BC612A6C1CBCE9E00034866B /* PBXTargetDependency */,
			);
			name = lab7Tests;
			productName = lab7Tests;
			productReference = BC612A6A1CBCE9E00034866B /* lab7Tests.xctest */;
			productType = "com.apple.product-type.bundle.unit-test";
		};
		BC612A741CBCE9E00034866B /* lab7UITests */ = {
			isa = PBXNativeTarget;
			buildConfigurationList = BC612A841CBCE9E00034866B /* Build configuration list for PBXNativeTarget "lab7UITests" */;
			buildPhases = (
				BC612A711CBCE9E00034866B /* Sources */,
				BC612A721CBCE9E00034866B /* Frameworks */,
				BC612A731CBCE9E00034866B /* Resources */,
			);
			buildRules = (
			);
			dependencies = (
				BC612A771CBCE9E00034866B /* PBXTargetDependency */,
			);
			name = lab7UITests;
			productName = lab7UITests;
			productReference = BC612A751CBCE9E00034866B /* lab7UITests.xctest */;
			productType = "com.apple.product-type.bundle.ui-testing";
		};
/* End PBXNativeTarget section */

/* Begin PBXProject section */
		BC612A4C1CBCE9DF0034866B /* Project object */ = {
			isa = PBXProject;
			attributes = {
				LastSwiftUpdateCheck = 0720;
				LastUpgradeCheck = 0720;
				ORGANIZATIONNAME = "Kelly Linehan";
				TargetAttributes = {
					BC612A531CBCE9DF0034866B = {
						CreatedOnToolsVersion = 7.2.1;
					};
					BC612A691CBCE9E00034866B = {
						CreatedOnToolsVersion = 7.2.1;
						TestTargetID = BC612A531CBCE9DF0034866B;
					};
					BC612A741CBCE9E00034866B = {
						CreatedOnToolsVersion = 7.2.1;
						TestTargetID = BC612A531CBCE9DF0034866B;
					};
				};
			};
			buildConfigurationList = BC612A4F1CBCE9DF0034866B /* Build configuration list for PBXProject "lab7" */;
			compatibilityVersion = "Xcode 3.2";
			developmentRegion = English;
			hasScannedForEncodings = 0;
			knownRegions = (
				en,
				Base,
			);
			mainGroup = BC612A4B1CBCE9DF0034866B;
			productRefGroup = BC612A551CBCE9DF0034866B /* Products */;
			projectDirPath = "";
			projectRoot = "";
			targets = (
				BC612A531CBCE9DF0034866B /* lab7 */,
				BC612A691CBCE9E00034866B /* lab7Tests */,
				BC612A741CBCE9E00034866B /* lab7UITests */,
			);
		};
/* End PBXProject section */

/* Begin PBXResourcesBuildPhase section */
		BC612A521CBCE9DF0034866B /* Resources */ = {
			isa = PBXResourcesBuildPhase;
			buildActionMask = 2147483647;
			files = (
				BC612A641CBCE9DF0034866B /* LaunchScreen.storyboard in Resources */,
				BC612A611CBCE9DF0034866B /* Assets.xcassets in Resources */,
				BC612A5F1CBCE9DF0034866B /* Main.storyboard in Resources */,
			);
			runOnlyForDeploymentPostprocessing = 0;
		};
		BC612A681CBCE9E00034866B /* Resources */ = {
			isa = PBXResourcesBuildPhase;
			buildActionMask = 2147483647;
			files = (
			);
			runOnlyForDeploymentPostprocessing = 0;
		};
		BC612A731CBCE9E00034866B /* Resources */ = {
			isa = PBXResourcesBuildPhase;
			buildActionMask = 2147483647;
			files = (
			);
			runOnlyForDeploymentPostprocessing = 0;
		};
/* End PBXResourcesBuildPhase section */

/* Begin PBXSourcesBuildPhase section */
		BC612A501CBCE9DF0034866B /* Sources */ = {
			isa = PBXSourcesBuildPhase;
			buildActionMask = 2147483647;
			files = (
				BC612A5C1CBCE9DF0034866B /* DetailViewController.swift in Sources */,
				BC612A5A1CBCE9DF0034866B /* MasterViewController.swift in Sources */,
				BC612A581CBCE9DF0034866B /* AppDelegate.swift in Sources */,
			);
			runOnlyForDeploymentPostprocessing = 0;
		};
		BC612A661CBCE9E00034866B /* Sources */ = {
			isa = PBXSourcesBuildPhase;
			buildActionMask = 2147483647;
			files = (
				BC612A6F1CBCE9E00034866B /* lab7Tests.swift in Sources */,
			);
			runOnlyForDeploymentPostprocessing = 0;
		};
		BC612A711CBCE9E00034866B /* Sources */ = {
			isa = PBXSourcesBuildPhase;
			buildActionMask = 2147483647;
			files = (
				BC612A7A1CBCE9E00034866B /* lab7UITests.swift in Sources */,
			);
			runOnlyForDeploymentPostprocessing = 0;
		};
/* End PBXSourcesBuildPhase section */

/* Begin PBXTargetDependency section */
		BC612A6C1CBCE9E00034866B /* PBXTargetDependency */ = {
			isa = PBXTargetDependency;
			target = BC612A531CBCE9DF0034866B /* lab7 */;
			targetProxy = BC612A6B1CBCE9E00034866B /* PBXContainerItemProxy */;
		};
		BC612A771CBCE9E00034866B /* PBXTargetDependency */ = {
			isa = PBXTargetDependency;
			target = BC612A531CBCE9DF0034866B /* lab7 */;
			targetProxy = BC612A761CBCE9E00034866B /* PBXContainerItemProxy */;
		};
/* End PBXTargetDependency section */

/* Begin PBXVariantGroup section */
		BC612A5D1CBCE9DF0034866B /* Main.storyboard */ = {
			isa = PBXVariantGroup;
			children = (
				BC612A5E1CBCE9DF0034866B /* Base */,
			);
			name = Main.storyboard;
			sourceTree = "<group>";
		};
		BC612A621CBCE9DF0034866B /* LaunchScreen.storyboard */ = {
			isa = PBXVariantGroup;
			children = (
				BC612A631CBCE9DF0034866B /* Base */,
			);
			name = LaunchScreen.storyboard;
			sourceTree = "<group>";
		};
/* End PBXVariantGroup section */

/* Begin XCBuildConfiguration section */
		BC612A7C1CBCE9E00034866B /* Debug */ = {
			isa = XCBuildConfiguration;
			buildSettings = {
				ALWAYS_SEARCH_USER_PATHS = NO;
				CLANG_CXX_LANGUAGE_STANDARD = "gnu++0x";
				CLANG_CXX_LIBRARY = "libc++";
				CLANG_ENABLE_MODULES = YES;
				CLANG_ENABLE_OBJC_ARC = YES;
				CLANG_WARN_BOOL_CONVERSION = YES;
				CLANG_WARN_CONSTANT_CONVERSION = YES;
				CLANG_WARN_DIRECT_OBJC_ISA_USAGE = YES_ERROR;
				CLANG_WARN_EMPTY_BODY = YES;
				CLANG_WARN_ENUM_CONVERSION = YES;
				CLANG_WARN_INT_CONVERSION = YES;
				CLANG_WARN_OBJC_ROOT_CLASS = YES_ERROR;
				CLANG_WARN_UNREACHABLE_CODE = YES;
				CLANG_WARN__DUPLICATE_METHOD_MATCH = YES;
				"CODE_SIGN_IDENTITY[sdk=iphoneos*]" = "iPhone Developer";
				COPY_PHASE_STRIP = NO;
				DEBUG_INFORMATION_FORMAT = dwarf;
				ENABLE_STRICT_OBJC_MSGSEND = YES;
				ENABLE_TESTABILITY = YES;
				GCC_C_LANGUAGE_STANDARD = gnu99;
				GCC_DYNAMIC_NO_PIC = NO;
				GCC_NO_COMMON_BLOCKS = YES;
				GCC_OPTIMIZATION_LEVEL = 0;
				GCC_PREPROCESSOR_DEFINITIONS = (
					"DEBUG=1",
					"$(inherited)",
				);
				GCC_WARN_64_TO_32_BIT_CONVERSION = YES;
				GCC_WARN_ABOUT_RETURN_TYPE = YES_ERROR;
				GCC_WARN_UNDECLARED_SELECTOR = YES;
				GCC_WARN_UNINITIALIZED_AUTOS = YES_AGGRESSIVE;
				GCC_WARN_UNUSED_FUNCTION = YES;
				GCC_WARN_UNUSED_VARIABLE = YES;
				IPHONEOS_DEPLOYMENT_TARGET = 9.2;
				MTL_ENABLE_DEBUG_INFO = YES;
				ONLY_ACTIVE_ARCH = YES;
				SDKROOT = iphoneos;
				SWIFT_OPTIMIZATION_LEVEL = "-Onone";
			};
			name = Debug;
		};
		BC612A7D1CBCE9E00034866B /* Release */ = {
			isa = XCBuildConfiguration;
			buildSettings = {
				ALWAYS_SEARCH_USER_PATHS = NO;
				CLANG_CXX_LANGUAGE_STANDARD = "gnu++0x";
				CLANG_CXX_LIBRARY = "libc++";
				CLANG_ENABLE_MODULES = YES;
				CLANG_ENABLE_OBJC_ARC = YES;
				CLANG_WARN_BOOL_CONVERSION = YES;
				CLANG_WARN_CONSTANT_CONVERSION = YES;
				CLANG_WARN_DIRECT_OBJC_ISA_USAGE = YES_ERROR;
				CLANG_WARN_EMPTY_BODY = YES;
				CLANG_WARN_ENUM_CONVERSION = YES;
				CLANG_WARN_INT_CONVERSION = YES;
				CLANG_WARN_OBJC_ROOT_CLASS = YES_ERROR;
				CLANG_WARN_UNREACHABLE_CODE = YES;
				CLANG_WARN__DUPLICATE_METHOD_MATCH = YES;
				"CODE_SIGN_IDENTITY[sdk=iphoneos*]" = "iPhone Developer";
				COPY_PHASE_STRIP = NO;
				DEBUG_INFORMATION_FORMAT = "dwarf-with-dsym";
				ENABLE_NS_ASSERTIONS = NO;
				ENABLE_STRICT_OBJC_MSGSEND = YES;
				GCC_C_LANGUAGE_STANDARD = gnu99;
				GCC_NO_COMMON_BLOCKS = YES;
				GCC_WARN_64_TO_32_BIT_CONVERSION = YES;
				GCC_WARN_ABOUT_RETURN_TYPE = YES_ERROR;
				GCC_WARN_UNDECLARED_SELECTOR = YES;
				GCC_WARN_UNINITIALIZED_AUTOS = YES_AGGRESSIVE;
				GCC_WARN_UNUSED_FUNCTION = YES;
				GCC_WARN_UNUSED_VARIABLE = YES;
				IPHONEOS_DEPLOYMENT_TARGET = 9.2;
				MTL_ENABLE_DEBUG_INFO = NO;
				SDKROOT = iphoneos;
				VALIDATE_PRODUCT = YES;
			};
			name = Release;
		};
		BC612A7F1CBCE9E00034866B /* Debug */ = {
			isa = XCBuildConfiguration;
			buildSettings = {
				ASSETCATALOG_COMPILER_APPICON_NAME = AppIcon;
				INFOPLIST_FILE = lab7/Info.plist;
				LD_RUNPATH_SEARCH_PATHS = "$(inherited) @executable_path/Frameworks";
				PRODUCT_BUNDLE_IDENTIFIER = kl.lab7;
				PRODUCT_NAME = "$(TARGET_NAME)";
			};
			name = Debug;
		};
		BC612A801CBCE9E00034866B /* Release */ = {
			isa = XCBuildConfiguration;
			buildSettings = {
				ASSETCATALOG_COMPILER_APPICON_NAME = AppIcon;
				INFOPLIST_FILE = lab7/Info.plist;
				LD_RUNPATH_SEARCH_PATHS = "$(inherited) @executable_path/Frameworks";
				PRODUCT_BUNDLE_IDENTIFIER = kl.lab7;
				PRODUCT_NAME = "$(TARGET_NAME)";
			};
			name = Release;
		};
		BC612A821CBCE9E00034866B /* Debug */ = {
			isa = XCBuildConfiguration;
			buildSettings = {
				BUNDLE_LOADER = "$(TEST_HOST)";
				INFOPLIST_FILE = lab7Tests/Info.plist;
				LD_RUNPATH_SEARCH_PATHS = "$(inherited) @executable_path/Frameworks @loader_path/Frameworks";
				PRODUCT_BUNDLE_IDENTIFIER = kl.lab7Tests;
				PRODUCT_NAME = "$(TARGET_NAME)";
				TEST_HOST = "$(BUILT_PRODUCTS_DIR)/lab7.app/lab7";
			};
			name = Debug;
		};
		BC612A831CBCE9E00034866B /* Release */ = {
			isa = XCBuildConfiguration;
			buildSettings = {
				BUNDLE_LOADER = "$(TEST_HOST)";
				INFOPLIST_FILE = lab7Tests/Info.plist;
				LD_RUNPATH_SEARCH_PATHS = "$(inherited) @executable_path/Frameworks @loader_path/Frameworks";
				PRODUCT_BUNDLE_IDENTIFIER = kl.lab7Tests;
				PRODUCT_NAME = "$(TARGET_NAME)";
				TEST_HOST = "$(BUILT_PRODUCTS_DIR)/lab7.app/lab7";
			};
			name = Release;
		};
		BC612A851CBCE9E00034866B /* Debug */ = {
			isa = XCBuildConfiguration;
			buildSettings = {
				INFOPLIST_FILE = lab7UITests/Info.plist;
				LD_RUNPATH_SEARCH_PATHS = "$(inherited) @executable_path/Frameworks @loader_path/Frameworks";
				PRODUCT_BUNDLE_IDENTIFIER = kl.lab7UITests;
				PRODUCT_NAME = "$(TARGET_NAME)";
				TEST_TARGET_NAME = lab7;
				USES_XCTRUNNER = YES;
			};
			name = Debug;
		};
		BC612A861CBCE9E00034866B /* Release */ = {
			isa = XCBuildConfiguration;
			buildSettings = {
				INFOPLIST_FILE = lab7UITests/Info.plist;
				LD_RUNPATH_SEARCH_PATHS = "$(inherited) @executable_path/Frameworks @loader_path/Frameworks";
				PRODUCT_BUNDLE_IDENTIFIER = kl.lab7UITests;
				PRODUCT_NAME = "$(TARGET_NAME)";
				TEST_TARGET_NAME = lab7;
				USES_XCTRUNNER = YES;
			};
			name = Release;
		};
/* End XCBuildConfiguration section */

/* Begin XCConfigurationList section */
		BC612A4F1CBCE9DF0034866B /* Build configuration list for PBXProject "lab7" */ = {
			isa = XCConfigurationList;
			buildConfigurations = (
				BC612A7C1CBCE9E00034866B /* Debug */,
				BC612A7D1CBCE9E00034866B /* Release */,
			);
			defaultConfigurationIsVisible = 0;
			defaultConfigurationName = Release;
		};
		BC612A7E1CBCE9E00034866B /* Build configuration list for PBXNativeTarget "lab7" */ = {
			isa = XCConfigurationList;
			buildConfigurations = (
				BC612A7F1CBCE9E00034866B /* Debug */,
				BC612A801CBCE9E00034866B /* Release */,
			);
			defaultConfigurationIsVisible = 0;
		};
		BC612A811CBCE9E00034866B /* Build configuration list for PBXNativeTarget "lab7Tests" */ = {
			isa = XCConfigurationList;
			buildConfigurations = (
				BC612A821CBCE9E00034866B /* Debug */,
				BC612A831CBCE9E00034866B /* Release */,
			);
			defaultConfigurationIsVisible = 0;
		};
		BC612A841CBCE9E00034866B /* Build configuration list for PBXNativeTarget "lab7UITests" */ = {
			isa = XCConfigurationList;
			buildConfigurations = (
				BC612A851CBCE9E00034866B /* Debug */,
				BC612A861CBCE9E00034866B /* Release */,
			);
			defaultConfigurationIsVisible = 0;
		};
/* End XCConfigurationList section */
	};
	rootObject = BC612A4C1CBCE9DF0034866B /* Project object */;
}
